
Microsoft Visual Studio Solution File, Format Version 12.00
# Visual Studio 15
VisualStudioVersion = 15.0.28307.421
MinimumVisualStudioVersion = 10.0.40219.1
Project("{FAE04EC0-301F-11D3-BF4B-00C04F79EFBC}") = "ManagerTeach", "ManagerTeach\ManagerTeach.csproj", "{6DE4822E-DA5B-4A95-BD91-E74925BED969}"
EndProject
Global
	GlobalSection(SolutionConfigurationPlatforms) = preSolution
		Debug|Any CPU = Debug|Any CPU
		Release|Any CPU = Release|Any CPU
	EndGlobalSection
	GlobalSection(ProjectConfigurationPlatforms) = postSolution
		{6DE4822E-DA5B-4A95-BD91-E74925BED969}.Debug|Any CPU.ActiveCfg = Debug|Any CPU
		{6DE4822E-DA5B-4A95-BD91-E74925BED969}.Debug|Any CPU.Build.0 = Debug|Any CPU
		{6DE4822E-DA5B-4A95-BD91-E74925BED969}.Release|Any CPU.ActiveCfg = Release|Any CPU
		{6DE4822E-DA5B-4A95-BD91-E74925BED969}.Release|Any CPU.Build.0 = Release|Any CPU
	EndGlobalSection
	GlobalSection(SolutionProperties) = preSolution
		HideSolutionNode = FALSE
	EndGlobalSection
	GlobalSection(ExtensibilityGlobals) = postSolution
		SolutionGuid = {9552E241-304F-400F-9681-794FC57E4800}
	EndGlobalSection
EndGlobal
